
Microsoft Visual Studio Solution File, Format Version 12.00
# Visual Studio Version 16
VisualStudioVersion = 16.0.30611.23
MinimumVisualStudioVersion = 10.0.40219.1
Project("{FAE04EC0-301F-11D3-BF4B-00C04F79EFBC}") = "BankOperation", "BankOperation\BankOperation.csproj", "{4E4E48A7-B3B2-46B4-BB31-F547ECADF511}"
EndProject
Project("{FAE04EC0-301F-11D3-BF4B-00C04F79EFBC}") = "ChinaUnionPay", "ChinaUnionPay\ChinaUnionPay.csproj", "{AF52797A-E775-485E-B66A-35B989EE909B}"
EndProject
Project("{FAE04EC0-301F-11D3-BF4B-00C04F79EFBC}") = "CBC", "CBC\CBC.csproj", "{C77851CF-97B4-4AAD-B6B1-A9132A41D00B}"
EndProject
Project("{FAE04EC0-301F-11D3-BF4B-00C04F79EFBC}") = "CCB", "CCB\CCB.csproj", "{0526E28E-37C8-4335-885B-EC865B8CCDA2}"
EndProject
Project("{FAE04EC0-301F-11D3-BF4B-00C04F79EFBC}") = "ABC", "ABC\ABC.csproj", "{C198F2A5-2CCC-4402-BC0C-C69A9B856B12}"
EndProject
Project("{FAE04EC0-301F-11D3-BF4B-00C04F79EFBC}") = "BOC", "BOC\BOC.csproj", "{3D133C6C-40B8-4E6F-900D-36965CED4390}"
EndProject
Project("{FAE04EC0-301F-11D3-BF4B-00C04F79EFBC}") = "CMB", "CMB\CMB.csproj", "{FF37BB0E-CD08-4AE0-B1CD-00B29E7C6A6A}"
EndProject
Project("{2150E333-8FDC-42A3-9474-1A3956D46DE8}") = "Bank", "Bank", "{1F3BBEBD-9436-4115-9003-F88332921FAC}"
EndProject
Global
	GlobalSection(SolutionConfigurationPlatforms) = preSolution
		Debug|Any CPU = Debug|Any CPU
		Release|Any CPU = Release|Any CPU
	EndGlobalSection
	GlobalSection(ProjectConfigurationPlatforms) = postSolution
		{4E4E48A7-B3B2-46B4-BB31-F547ECADF511}.Debug|Any CPU.ActiveCfg = Debug|Any CPU
		{4E4E48A7-B3B2-46B4-BB31-F547ECADF511}.Debug|Any CPU.Build.0 = Debug|Any CPU
		{4E4E48A7-B3B2-46B4-BB31-F547ECADF511}.Release|Any CPU.ActiveCfg = Release|Any CPU
		{4E4E48A7-B3B2-46B4-BB31-F547ECADF511}.Release|Any CPU.Build.0 = Release|Any CPU
		{AF52797A-E775-485E-B66A-35B989EE909B}.Debug|Any CPU.ActiveCfg = Debug|Any CPU
		{AF52797A-E775-485E-B66A-35B989EE909B}.Debug|Any CPU.Build.0 = Debug|Any CPU
		{AF52797A-E775-485E-B66A-35B989EE909B}.Release|Any CPU.ActiveCfg = Release|Any CPU
		{AF52797A-E775-485E-B66A-35B989EE909B}.Release|Any CPU.Build.0 = Release|Any CPU
		{C77851CF-97B4-4AAD-B6B1-A9132A41D00B}.Debug|Any CPU.ActiveCfg = Debug|Any CPU
		{C77851CF-97B4-4AAD-B6B1-A9132A41D00B}.Debug|Any CPU.Build.0 = Debug|Any CPU
		{C77851CF-97B4-4AAD-B6B1-A9132A41D00B}.Release|Any CPU.ActiveCfg = Release|Any CPU
		{C77851CF-97B4-4AAD-B6B1-A9132A41D00B}.Release|Any CPU.Build.0 = Release|Any CPU
		{0526E28E-37C8-4335-885B-EC865B8CCDA2}.Debug|Any CPU.ActiveCfg = Debug|Any CPU
		{0526E28E-37C8-4335-885B-EC865B8CCDA2}.Debug|Any CPU.Build.0 = Debug|Any CPU
		{0526E28E-37C8-4335-885B-EC865B8CCDA2}.Release|Any CPU.ActiveCfg = Release|Any CPU
		{0526E28E-37C8-4335-885B-EC865B8CCDA2}.Release|Any CPU.Build.0 = Release|Any CPU
		{C198F2A5-2CCC-4402-BC0C-C69A9B856B12}.Debug|Any CPU.ActiveCfg = Debug|Any CPU
		{C198F2A5-2CCC-4402-BC0C-C69A9B856B12}.Debug|Any CPU.Build.0 = Debug|Any CPU
		{C198F2A5-2CCC-4402-BC0C-C69A9B856B12}.Release|Any CPU.ActiveCfg = Release|Any CPU
		{C198F2A5-2CCC-4402-BC0C-C69A9B856B12}.Release|Any CPU.Build.0 = Release|Any CPU
		{3D133C6C-40B8-4E6F-900D-36965CED4390}.Debug|Any CPU.ActiveCfg = Debug|Any CPU
		{3D133C6C-40B8-4E6F-900D-36965CED4390}.Debug|Any CPU.Build.0 = Debug|Any CPU
		{3D133C6C-40B8-4E6F-900D-36965CED4390}.Release|Any CPU.ActiveCfg = Release|Any CPU
		{3D133C6C-40B8-4E6F-900D-36965CED4390}.Release|Any CPU.Build.0 = Release|Any CPU
		{FF37BB0E-CD08-4AE0-B1CD-00B29E7C6A6A}.Debug|Any CPU.ActiveCfg = Debug|Any CPU
		{FF37BB0E-CD08-4AE0-B1CD-00B29E7C6A6A}.Debug|Any CPU.Build.0 = Debug|Any CPU
		{FF37BB0E-CD08-4AE0-B1CD-00B29E7C6A6A}.Release|Any CPU.ActiveCfg = Release|Any CPU
		{FF37BB0E-CD08-4AE0-B1CD-00B29E7C6A6A}.Release|Any CPU.Build.0 = Release|Any CPU
	EndGlobalSection
	GlobalSection(SolutionProperties) = preSolution
		HideSolutionNode = FALSE
	EndGlobalSection
	GlobalSection(NestedProjects) = preSolution
		{C77851CF-97B4-4AAD-B6B1-A9132A41D00B} = {1F3BBEBD-9436-4115-9003-F88332921FAC}
		{0526E28E-37C8-4335-885B-EC865B8CCDA2} = {1F3BBEBD-9436-4115-9003-F88332921FAC}
		{C198F2A5-2CCC-4402-BC0C-C69A9B856B12} = {1F3BBEBD-9436-4115-9003-F88332921FAC}
		{3D133C6C-40B8-4E6F-900D-36965CED4390} = {1F3BBEBD-9436-4115-9003-F88332921FAC}
		{FF37BB0E-CD08-4AE0-B1CD-00B29E7C6A6A} = {1F3BBEBD-9436-4115-9003-F88332921FAC}
	EndGlobalSection
	GlobalSection(ExtensibilityGlobals) = postSolution
		SolutionGuid = {1BB43722-1D94-4EDC-A809-28123837A027}
	EndGlobalSection
EndGlobal
